
Microsoft Visual Studio Solution File, Format Version 12.00
# Visual Studio 15
VisualStudioVersion = 15.0.27703.2000
MinimumVisualStudioVersion = 10.0.40219.1
Project("{FAE04EC0-301F-11D3-BF4B-00C04F79EFBC}") = "ProjetCorneille", "ProjetCorneille\ProjetCorneille.csproj", "{B1C4FF56-D0A6-4081-B26E-A8286D2F595D}"
EndProject
Global
	GlobalSection(SolutionConfigurationPlatforms) = preSolution
		Debug|Any CPU = Debug|Any CPU
		Release|Any CPU = Release|Any CPU
	EndGlobalSection
	GlobalSection(ProjectConfigurationPlatforms) = postSolution
		{B1C4FF56-D0A6-4081-B26E-A8286D2F595D}.Debug|Any CPU.ActiveCfg = Debug|Any CPU
		{B1C4FF56-D0A6-4081-B26E-A8286D2F595D}.Debug|Any CPU.Build.0 = Debug|Any CPU
		{B1C4FF56-D0A6-4081-B26E-A8286D2F595D}.Release|Any CPU.ActiveCfg = Release|Any CPU
		{B1C4FF56-D0A6-4081-B26E-A8286D2F595D}.Release|Any CPU.Build.0 = Release|Any CPU
	EndGlobalSection
	GlobalSection(SolutionProperties) = preSolution
		HideSolutionNode = FALSE
	EndGlobalSection
	GlobalSection(ExtensibilityGlobals) = postSolution
		SolutionGuid = {131D6AFB-2EFA-4BEC-8772-A2EC95DE3B86}
	EndGlobalSection
EndGlobal
